
Microsoft Visual Studio Solution File, Format Version 12.00
# Visual Studio Version 16
VisualStudioVersion = 16.0.29613.14
MinimumVisualStudioVersion = 10.0.40219.1
Project("{9A19103F-16F7-4668-BE54-9A1E7A4F7556}") = "Anagrams", "Anagrams\Anagrams.csproj", "{9DA5CC27-312C-440C-A896-0BDDAC0AE1A5}"
EndProject
Project("{9A19103F-16F7-4668-BE54-9A1E7A4F7556}") = "AnagramsTests", "AnagramsTests\AnagramsTests.csproj", "{D5A2192F-0F98-48B6-BBED-EEF4890186FB}"
EndProject
Project("{9A19103F-16F7-4668-BE54-9A1E7A4F7556}") = "CrossPlatformCLI", "CrossPlatformCLI\CrossPlatformCLI.csproj", "{9C24EC66-544D-48F6-A84A-800330D371C1}"
EndProject
Project("{9A19103F-16F7-4668-BE54-9A1E7A4F7556}") = "WordGames", "WordGames\WordGames.csproj", "{B7AD95E2-3273-4FC7-BD91-89913DAA354A}"
EndProject
Project("{9A19103F-16F7-4668-BE54-9A1E7A4F7556}") = "Nez", "Nez.Portable\Nez.csproj", "{678131AF-186B-443C-A858-74940C49400D}"
EndProject
Global
	GlobalSection(SolutionConfigurationPlatforms) = preSolution
		Debug|Any CPU = Debug|Any CPU
		Release|Any CPU = Release|Any CPU
	EndGlobalSection
	GlobalSection(ProjectConfigurationPlatforms) = postSolution
		{9DA5CC27-312C-440C-A896-0BDDAC0AE1A5}.Debug|Any CPU.ActiveCfg = Debug|Any CPU
		{9DA5CC27-312C-440C-A896-0BDDAC0AE1A5}.Debug|Any CPU.Build.0 = Debug|Any CPU
		{9DA5CC27-312C-440C-A896-0BDDAC0AE1A5}.Release|Any CPU.ActiveCfg = Release|Any CPU
		{9DA5CC27-312C-440C-A896-0BDDAC0AE1A5}.Release|Any CPU.Build.0 = Release|Any CPU
		{D5A2192F-0F98-48B6-BBED-EEF4890186FB}.Debug|Any CPU.ActiveCfg = Debug|Any CPU
		{D5A2192F-0F98-48B6-BBED-EEF4890186FB}.Debug|Any CPU.Build.0 = Debug|Any CPU
		{D5A2192F-0F98-48B6-BBED-EEF4890186FB}.Release|Any CPU.ActiveCfg = Release|Any CPU
		{D5A2192F-0F98-48B6-BBED-EEF4890186FB}.Release|Any CPU.Build.0 = Release|Any CPU
		{9C24EC66-544D-48F6-A84A-800330D371C1}.Debug|Any CPU.ActiveCfg = Debug|Any CPU
		{9C24EC66-544D-48F6-A84A-800330D371C1}.Debug|Any CPU.Build.0 = Debug|Any CPU
		{9C24EC66-544D-48F6-A84A-800330D371C1}.Release|Any CPU.ActiveCfg = Release|Any CPU
		{9C24EC66-544D-48F6-A84A-800330D371C1}.Release|Any CPU.Build.0 = Release|Any CPU
		{B7AD95E2-3273-4FC7-BD91-89913DAA354A}.Debug|Any CPU.ActiveCfg = Debug|Any CPU
		{B7AD95E2-3273-4FC7-BD91-89913DAA354A}.Debug|Any CPU.Build.0 = Debug|Any CPU
		{B7AD95E2-3273-4FC7-BD91-89913DAA354A}.Release|Any CPU.ActiveCfg = Release|Any CPU
		{B7AD95E2-3273-4FC7-BD91-89913DAA354A}.Release|Any CPU.Build.0 = Release|Any CPU
		{678131AF-186B-443C-A858-74940C49400D}.Debug|Any CPU.ActiveCfg = Debug|Any CPU
		{678131AF-186B-443C-A858-74940C49400D}.Debug|Any CPU.Build.0 = Debug|Any CPU
		{678131AF-186B-443C-A858-74940C49400D}.Release|Any CPU.ActiveCfg = Release|Any CPU
		{678131AF-186B-443C-A858-74940C49400D}.Release|Any CPU.Build.0 = Release|Any CPU
	EndGlobalSection
	GlobalSection(SolutionProperties) = preSolution
		HideSolutionNode = FALSE
	EndGlobalSection
	GlobalSection(ExtensibilityGlobals) = postSolution
		SolutionGuid = {F5DBAF62-CD95-468A-9A8C-51DEBA65D438}
	EndGlobalSection
EndGlobal
