
Microsoft Visual Studio Solution File, Format Version 12.00
# Visual Studio 15
VisualStudioVersion = 15.0.28307.960
MinimumVisualStudioVersion = 10.0.40219.1
Project("{FAE04EC0-301F-11D3-BF4B-00C04F79EFBC}") = "Game1", "Game1.csproj", "{F4E01BFE-E284-4F37-BB2E-F78794715069}"
EndProject
Project("{9A19103F-16F7-4668-BE54-9A1E7A4F7556}") = "Nez", "R:\V\repos\Nez\Nez.Portable\Nez.csproj", "{75FB4AE0-8527-4D4F-A346-AE4EFA43C2F5}"
EndProject
Global
	GlobalSection(SolutionConfigurationPlatforms) = preSolution
		Debug|Any CPU = Debug|Any CPU
		Release|Any CPU = Release|Any CPU
	EndGlobalSection
	GlobalSection(ProjectConfigurationPlatforms) = postSolution
		{F4E01BFE-E284-4F37-BB2E-F78794715069}.Debug|Any CPU.ActiveCfg = Debug|Any CPU
		{F4E01BFE-E284-4F37-BB2E-F78794715069}.Debug|Any CPU.Build.0 = Debug|Any CPU
		{F4E01BFE-E284-4F37-BB2E-F78794715069}.Release|Any CPU.ActiveCfg = Release|Any CPU
		{F4E01BFE-E284-4F37-BB2E-F78794715069}.Release|Any CPU.Build.0 = Release|Any CPU
		{75FB4AE0-8527-4D4F-A346-AE4EFA43C2F5}.Debug|Any CPU.ActiveCfg = Debug|Any CPU
		{75FB4AE0-8527-4D4F-A346-AE4EFA43C2F5}.Debug|Any CPU.Build.0 = Debug|Any CPU
		{75FB4AE0-8527-4D4F-A346-AE4EFA43C2F5}.Release|Any CPU.ActiveCfg = Release|Any CPU
		{75FB4AE0-8527-4D4F-A346-AE4EFA43C2F5}.Release|Any CPU.Build.0 = Release|Any CPU
	EndGlobalSection
	GlobalSection(SolutionProperties) = preSolution
		HideSolutionNode = FALSE
	EndGlobalSection
	GlobalSection(ExtensibilityGlobals) = postSolution
		SolutionGuid = {94B6B0BA-301A-4DCF-8430-99BC181F83BB}
	EndGlobalSection
EndGlobal
